{
  "name": "frontend_dependencies",
  "version": "1.0.0",
  "lockfileVersion": 1,
  "requires": true,
  "dependencies": {
    "@ant-design/icons": {
      "version": "1.1.8",
      "resolved": "https://registry.npmjs.org/@ant-design/icons/-/icons-1.1.8.tgz",
      "integrity": "sha512-mzvhf+TmHifHYSUWOD3Q1znrhO9+nhCe/XeHIiqdc7iwtS1tLOhD+obsWqgrSG5aRZocLvWcyLyYPQpKcdVwmQ=="
    },
    "@ant-design/icons-react": {
      "version": "1.1.1",
      "resolved": "https://registry.npmjs.org/@ant-design/icons-react/-/icons-react-1.1.1.tgz",
      "integrity": "sha512-61YnMgyzMR13S0eVGsqeAGFFYQ4C24xL6hxSTgFRF5pG1QoBF8ug7ZgR+AHfkV0mMHMECGlSFnFr3sj9ozrXBA==",
      "requires": {
        "ant-design-palettes": "1.1.3",
        "babel-runtime": "6.26.0"
      }
    },
    "@babel/helper-module-imports": {
      "version": "7.0.0",
      "resolved": "https://registry.npmjs.org/@babel/helper-module-imports/-/helper-module-imports-7.0.0.tgz",
      "integrity": "sha512-aP/hlLq01DWNEiDg4Jn23i+CXxW/owM4WpDLFUbpjxe4NS3BhLVZQ5i7E0ZrxuQ/vwekIeciyamgB1UIYxxM6A==",
      "requires": {
        "@babel/types": "7.0.0"
      }
    },
    "@babel/types": {
      "version": "7.0.0",
      "resolved": "https://registry.npmjs.org/@babel/types/-/types-7.0.0.tgz",
      "integrity": "sha512-5tPDap4bGKTLPtci2SUl/B7Gv8RnuJFuQoWx26RJobS0fFrz4reUA3JnwIM+HVHEmWE0C1mzKhDtTp8NsWY02Q==",
      "requires": {
        "esutils": "2.0.2",
        "lodash": "4.17.11",
        "to-fast-properties": "2.0.0"
      }
    },
    "add-dom-event-listener": {
      "version": "1.0.2",
      "resolved": "https://registry.npmjs.org/add-dom-event-listener/-/add-dom-event-listener-1.0.2.tgz",
      "integrity": "sha1-j67SxBAIchzxEdodMNmVuFvkK+0=",
      "requires": {
        "object-assign": "4.1.1"
      }
    },
    "ant-design-palettes": {
      "version": "1.1.3",
      "resolved": "https://registry.npmjs.org/ant-design-palettes/-/ant-design-palettes-1.1.3.tgz",
      "integrity": "sha512-UpkkTp8egEN21KZNvY7sTcabLlkHvLvS71EVPk4CYi77Z9AaGGCaVn7i72tbOgWDrQp2wjIg8WgMbKBdK7GtWA==",
      "requires": {
        "tinycolor2": "1.4.1"
      }
    },
    "antd": {
      "version": "3.9.2",
      "resolved": "https://registry.npmjs.org/antd/-/antd-3.9.2.tgz",
      "integrity": "sha512-M7B57b5hz6PQ1fV9bmI4EDlb9nkeV0t9QVAvJb3mXwookNMgqX4jLJJYiMu0U4FSHwLxEOY14xXxs6DVuQ6kHQ==",
      "requires": {
        "@ant-design/icons": "1.1.8",
        "@ant-design/icons-react": "1.1.1",
        "array-tree-filter": "2.1.0",
        "babel-runtime": "6.26.0",
        "classnames": "2.2.6",
        "create-react-class": "15.6.3",
        "create-react-context": "0.2.2",
        "css-animation": "1.4.1",
        "dom-closest": "0.2.0",
        "enquire.js": "2.1.6",
        "intersperse": "1.0.0",
        "lodash": "4.17.11",
        "moment": "2.22.2",
        "omit.js": "1.0.0",
        "prop-types": "15.6.2",
        "raf": "3.4.0",
        "rc-animate": "2.4.4",
        "rc-calendar": "9.7.7",
        "rc-cascader": "0.16.0",
        "rc-checkbox": "2.1.5",
        "rc-collapse": "1.10.0",
        "rc-dialog": "7.2.1",
        "rc-drawer": "1.7.4",
        "rc-dropdown": "2.2.0",
        "rc-editor-mention": "1.1.7",
        "rc-form": "2.2.2",
        "rc-input-number": "4.0.13",
        "rc-menu": "7.4.8",
        "rc-notification": "3.2.0",
        "rc-pagination": "1.17.1",
        "rc-progress": "2.2.5",
        "rc-rate": "2.4.2",
        "rc-select": "8.2.8",
        "rc-slider": "8.6.2",
        "rc-steps": "3.3.0",
        "rc-switch": "1.7.0",
        "rc-table": "6.3.4",
        "rc-tabs": "9.4.3",
        "rc-time-picker": "3.4.0",
        "rc-tooltip": "3.7.2",
        "rc-tree": "1.14.6",
        "rc-tree-select": "2.2.4",
        "rc-trigger": "2.5.4",
        "rc-upload": "2.5.1",
        "rc-util": "4.5.1",
        "react-lazy-load": "3.0.13",
        "react-lifecycles-compat": "3.0.4",
        "react-slick": "0.23.1",
        "shallowequal": "1.1.0",
        "warning": "4.0.2"
      }
    },
    "array-tree-filter": {
      "version": "2.1.0",
      "resolved": "https://registry.npmjs.org/array-tree-filter/-/array-tree-filter-2.1.0.tgz",
      "integrity": "sha512-4ROwICNlNw/Hqa9v+rk5h22KjmzB1JGTMVKP2AKJBOCgb0yL0ASf0+YvCcLNNwquOHNX48jkeZIJ3a+oOQqKcw=="
    },
    "asap": {
      "version": "2.0.6",
      "resolved": "https://registry.npmjs.org/asap/-/asap-2.0.6.tgz",
      "integrity": "sha1-5QNHYR1+aQlDIIu9r+vLwvuGbUY="
    },
    "async-validator": {
      "version": "1.8.5",
      "resolved": "https://registry.npmjs.org/async-validator/-/async-validator-1.8.5.tgz",
      "integrity": "sha512-tXBM+1m056MAX0E8TL2iCjg8WvSyXu0Zc8LNtYqrVeyoL3+esHRZ4SieE9fKQyyU09uONjnMEjrNBMqT0mbvmA==",
      "requires": {
        "babel-runtime": "6.26.0"
      }
    },
    "babel-plugin-import": {
      "version": "1.8.0",
      "resolved": "https://registry.npmjs.org/babel-plugin-import/-/babel-plugin-import-1.8.0.tgz",
      "integrity": "sha512-5Aw8aZnJPuhJdumK6mS2ZRlfmGaBIKm/h6dw5uS0bkRMTqwHespRG3NeN9x9TB4W38I16ZXGGlHHz+8Gt5/shQ==",
      "requires": {
        "@babel/helper-module-imports": "7.0.0"
      }
    },
    "babel-runtime": {
      "version": "6.26.0",
      "resolved": "https://registry.npmjs.org/babel-runtime/-/babel-runtime-6.26.0.tgz",
      "integrity": "sha1-llxwWGaOgrVde/4E/yM3vItWR/4=",
      "requires": {
        "core-js": "2.5.7",
        "regenerator-runtime": "0.11.1"
      }
    },
    "base64-js": {
      "version": "1.3.0",
      "resolved": "https://registry.npmjs.org/base64-js/-/base64-js-1.3.0.tgz",
      "integrity": "sha512-ccav/yGvoa80BQDljCxsmmQ3Xvx60/UpBIij5QN21W3wBi/hhIC9OoO+KLpu9IJTS9j4DRVJ3aDDF9cMSoa2lw=="
    },
    "buffer": {
      "version": "5.2.1",
      "resolved": "https://registry.npmjs.org/buffer/-/buffer-5.2.1.tgz",
      "integrity": "sha512-c+Ko0loDaFfuPWiL02ls9Xd3GO3cPVmUobQ6t3rXNUk304u6hGq+8N/kFi+QEIKhzK3uwolVhLzszmfLmMLnqg==",
      "requires": {
        "base64-js": "1.3.0",
        "ieee754": "1.1.12"
      }
    },
    "classnames": {
      "version": "2.2.6",
      "resolved": "https://registry.npmjs.org/classnames/-/classnames-2.2.6.tgz",
      "integrity": "sha512-JR/iSQOSt+LQIWwrwEzJ9uk0xfN3mTVYMwt1Ir5mUcSN6pU+V4zQFFaJsclJbPuAUQH+yfWef6tm7l1quW3C8Q=="
    },
    "component-classes": {
      "version": "1.2.6",
      "resolved": "https://registry.npmjs.org/component-classes/-/component-classes-1.2.6.tgz",
      "integrity": "sha1-xkI5TDYYpNiwuJGe/Mu9kw5c1pE=",
      "requires": {
        "component-indexof": "0.0.3"
      }
    },
    "component-indexof": {
      "version": "0.0.3",
      "resolved": "https://registry.npmjs.org/component-indexof/-/component-indexof-0.0.3.tgz",
      "integrity": "sha1-EdCRMSI5648yyPJa6csAL/6NPCQ="
    },
    "core-js": {
      "version": "2.5.7",
      "resolved": "https://registry.npmjs.org/core-js/-/core-js-2.5.7.tgz",
      "integrity": "sha512-RszJCAxg/PP6uzXVXL6BsxSXx/B05oJAQ2vkJRjyjrEcNVycaqOmNb5OTxZPE3xa5gwZduqza6L9JOCenh/Ecw=="
    },
    "create-react-class": {
      "version": "15.6.3",
      "resolved": "https://registry.npmjs.org/create-react-class/-/create-react-class-15.6.3.tgz",
      "integrity": "sha512-M+/3Q6E6DLO6Yx3OwrWjwHBnvfXXYA7W+dFjt/ZDBemHO1DDZhsalX/NUtnTYclN6GfnBDRh4qRHjcDHmlJBJg==",
      "requires": {
        "fbjs": "0.8.17",
        "loose-envify": "1.4.0",
        "object-assign": "4.1.1"
      }
    },
    "create-react-context": {
      "version": "0.2.2",
      "resolved": "https://registry.npmjs.org/create-react-context/-/create-react-context-0.2.2.tgz",
      "integrity": "sha512-KkpaLARMhsTsgp0d2NA/R94F/eDLbhXERdIq3LvX2biCAXcDvHYoOqHfWCHf1+OLj+HKBotLG3KqaOOf+C1C+A==",
      "requires": {
        "fbjs": "0.8.17",
        "gud": "1.0.0"
      }
    },
    "cross-spawn": {
      "version": "5.1.0",
      "resolved": "https://registry.npmjs.org/cross-spawn/-/cross-spawn-5.1.0.tgz",
      "integrity": "sha1-6L0O/uWPz/b4+UUQoKVUu/ojVEk=",
      "requires": {
        "lru-cache": "4.1.3",
        "shebang-command": "1.2.0",
        "which": "1.3.1"
      }
    },
    "css-animation": {
      "version": "1.4.1",
      "resolved": "https://registry.npmjs.org/css-animation/-/css-animation-1.4.1.tgz",
      "integrity": "sha1-W4gTEl3g+7uwu+G0cq6EIhRpt6g=",
      "requires": {
        "babel-runtime": "6.26.0",
        "component-classes": "1.2.6"
      }
    },
    "css-color-keywords": {
      "version": "1.0.0",
      "resolved": "https://registry.npmjs.org/css-color-keywords/-/css-color-keywords-1.0.0.tgz",
      "integrity": "sha1-/qJhbcZ2spYmhrOvjb2+GAskTgU="
    },
    "css-to-react-native": {
      "version": "2.2.1",
      "resolved": "https://registry.npmjs.org/css-to-react-native/-/css-to-react-native-2.2.1.tgz",
      "integrity": "sha512-v++LRcf633phJiYZBDqtmGPj3+BVof0isd2jgwYLWZJ5YSuhCkrfYtDsNhM6oJthiEco0f9tDVJ1vUkDJNgGEA==",
      "requires": {
        "css-color-keywords": "1.0.0",
        "fbjs": "0.8.17",
        "postcss-value-parser": "3.3.0"
      }
    },
    "dom-align": {
      "version": "1.8.0",
      "resolved": "https://registry.npmjs.org/dom-align/-/dom-align-1.8.0.tgz",
      "integrity": "sha512-B85D4ef2Gj5lw0rK0KM2+D5/pH7yqNxg2mB+E8uzFaolpm7RQmsxEfjyEuNiF8UBBkffumYDeKRzTzc3LePP+w=="
    },
    "dom-closest": {
      "version": "0.2.0",
      "resolved": "https://registry.npmjs.org/dom-closest/-/dom-closest-0.2.0.tgz",
      "integrity": "sha1-69n5HRvyLo1vR3h2u80+yQIWwM8=",
      "requires": {
        "dom-matches": "2.0.0"
      }
    },
    "dom-matches": {
      "version": "2.0.0",
      "resolved": "https://registry.npmjs.org/dom-matches/-/dom-matches-2.0.0.tgz",
      "integrity": "sha1-0nKLQWqHUzmA6wibhI0lPPI6dYw="
    },
    "dom-scroll-into-view": {
      "version": "1.2.1",
      "resolved": "https://registry.npmjs.org/dom-scroll-into-view/-/dom-scroll-into-view-1.2.1.tgz",
      "integrity": "sha1-6PNnMt0ImwIBqI14Fdw/iObWbH4="
    },
    "dotenv": {
      "version": "4.0.0",
      "resolved": "https://registry.npmjs.org/dotenv/-/dotenv-4.0.0.tgz",
      "integrity": "sha1-hk7xN5rO1Vzm+V3r7NzhefegzR0="
    },
    "draft-js": {
      "version": "0.10.5",
      "resolved": "https://registry.npmjs.org/draft-js/-/draft-js-0.10.5.tgz",
      "integrity": "sha512-LE6jSCV9nkPhfVX2ggcRLA4FKs6zWq9ceuO/88BpXdNCS7mjRTgs0NsV6piUCJX9YxMsB9An33wnkMmU2sD2Zg==",
      "requires": {
        "fbjs": "0.8.17",
        "immutable": "3.7.6",
        "object-assign": "4.1.1"
      }
    },
    "encoding": {
      "version": "0.1.12",
      "resolved": "https://registry.npmjs.org/encoding/-/encoding-0.1.12.tgz",
      "integrity": "sha1-U4tm8+5izRq1HsMjgp0flIDHS+s=",
      "requires": {
        "iconv-lite": "0.4.24"
      }
    },
    "enquire.js": {
      "version": "2.1.6",
      "resolved": "https://registry.npmjs.org/enquire.js/-/enquire.js-2.1.6.tgz",
      "integrity": "sha1-PoeAybi4NQhMP2DhZtvDwqPImBQ="
    },
    "esutils": {
      "version": "2.0.2",
      "resolved": "https://registry.npmjs.org/esutils/-/esutils-2.0.2.tgz",
      "integrity": "sha1-Cr9PHKpbyx96nYrMbepPqqBLrJs="
    },
    "eventlistener": {
      "version": "0.0.1",
      "resolved": "https://registry.npmjs.org/eventlistener/-/eventlistener-0.0.1.tgz",
      "integrity": "sha1-7Suqu4UiJ68rz4iRUscsY8pTLrg="
    },
    "fbjs": {
      "version": "0.8.17",
      "resolved": "https://registry.npmjs.org/fbjs/-/fbjs-0.8.17.tgz",
      "integrity": "sha1-xNWY6taUkRJlPWWIsBpc3Nn5D90=",
      "requires": {
        "core-js": "1.2.7",
        "isomorphic-fetch": "2.2.1",
        "loose-envify": "1.4.0",
        "object-assign": "4.1.1",
        "promise": "7.3.1",
        "setimmediate": "1.0.5",
        "ua-parser-js": "0.7.18"
      },
      "dependencies": {
        "core-js": {
          "version": "1.2.7",
          "resolved": "https://registry.npmjs.org/core-js/-/core-js-1.2.7.tgz",
          "integrity": "sha1-ZSKUwUZR2yj6k70tX/KYOk8IxjY="
        }
      }
    },
    "gud": {
      "version": "1.0.0",
      "resolved": "https://registry.npmjs.org/gud/-/gud-1.0.0.tgz",
      "integrity": "sha512-zGEOVKFM5sVPPrYs7J5/hYEw2Pof8KCyOwyhG8sAF26mCAeUFAcYPu1mwB7hhpIP29zOIBaDqwuHdLp0jvZXjw=="
    },
    "hammerjs": {
      "version": "2.0.8",
      "resolved": "https://registry.npmjs.org/hammerjs/-/hammerjs-2.0.8.tgz",
      "integrity": "sha1-BO93hiz/K7edMPdpIJWTAiK/YPE="
    },
    "has-flag": {
      "version": "1.0.0",
      "resolved": "https://registry.npmjs.org/has-flag/-/has-flag-1.0.0.tgz",
      "integrity": "sha1-nZ55MWXOAXoA8AQYxD+UKnsdEfo="
    },
    "hoist-non-react-statics": {
      "version": "2.5.5",
      "resolved": "https://registry.npmjs.org/hoist-non-react-statics/-/hoist-non-react-statics-2.5.5.tgz",
      "integrity": "sha512-rqcy4pJo55FTTLWt+bU8ukscqHeE/e9KWvsOW2b/a3afxQZhwkQdT1rPPCJ0rYXdj4vNcasY8zHTH+jF/qStxw=="
    },
    "iconv-lite": {
      "version": "0.4.24",
      "resolved": "https://registry.npmjs.org/iconv-lite/-/iconv-lite-0.4.24.tgz",
      "integrity": "sha512-v3MXnZAcvnywkTUEZomIActle7RXXeedOR31wwl7VlyoXO4Qi9arvSenNQWne1TcRwhCL1HwLI21bEqdpj8/rA==",
      "requires": {
        "safer-buffer": "2.1.2"
      }
    },
    "ieee754": {
      "version": "1.1.12",
      "resolved": "https://registry.npmjs.org/ieee754/-/ieee754-1.1.12.tgz",
      "integrity": "sha512-GguP+DRY+pJ3soyIiGPTvdiVXjZ+DbXOxGpXn3eMvNW4x4irjqXm4wHKscC+TfxSJ0yw/S1F24tqdMNsMZTiLA=="
    },
    "immutable": {
      "version": "3.7.6",
      "resolved": "https://registry.npmjs.org/immutable/-/immutable-3.7.6.tgz",
      "integrity": "sha1-E7TTyxK++hVIKib+Gy665kAHHks="
    },
    "intersperse": {
      "version": "1.0.0",
      "resolved": "https://registry.npmjs.org/intersperse/-/intersperse-1.0.0.tgz",
      "integrity": "sha1-8lYfsc/vn1J3zDNHoiiGtDUaUYE="
    },
    "is-negative-zero": {
      "version": "2.0.0",
      "resolved": "https://registry.npmjs.org/is-negative-zero/-/is-negative-zero-2.0.0.tgz",
      "integrity": "sha1-lVOxIbD6wohp2p7UWeIMdUN4hGE="
    },
    "is-stream": {
      "version": "1.1.0",
      "resolved": "https://registry.npmjs.org/is-stream/-/is-stream-1.1.0.tgz",
      "integrity": "sha1-EtSj3U5o4Lec6428hBc66A2RykQ="
    },
    "isexe": {
      "version": "2.0.0",
      "resolved": "https://registry.npmjs.org/isexe/-/isexe-2.0.0.tgz",
      "integrity": "sha1-6PvzdNxVb/iUehDcsFctYz8s+hA="
    },
    "isomorphic-fetch": {
      "version": "2.2.1",
      "resolved": "https://registry.npmjs.org/isomorphic-fetch/-/isomorphic-fetch-2.2.1.tgz",
      "integrity": "sha1-YRrhrPFPXoH3KVB0coGf6XM1WKk=",
      "requires": {
        "node-fetch": "1.7.3",
        "whatwg-fetch": "3.0.0"
      }
    },
    "js-tokens": {
      "version": "4.0.0",
      "resolved": "https://registry.npmjs.org/js-tokens/-/js-tokens-4.0.0.tgz",
      "integrity": "sha512-RdJUflcE3cUzKiMqQgsCu06FPu9UdIJO0beYbPhHN4k6apgJtifcoCtT9bcxOpYBtpD2kCM6Sbzg4CausW/PKQ=="
    },
    "json2mq": {
      "version": "0.2.0",
      "resolved": "https://registry.npmjs.org/json2mq/-/json2mq-0.2.0.tgz",
      "integrity": "sha1-tje9O6nqvhIsg+lyBIOusQ0skEo=",
      "requires": {
        "string-convert": "0.2.1"
      }
    },
    "lodash": {
      "version": "4.17.11",
      "resolved": "https://registry.npmjs.org/lodash/-/lodash-4.17.11.tgz",
      "integrity": "sha512-cQKh8igo5QUhZ7lg38DYWAxMvjSAKG0A8wGSVimP07SIUEK2UO+arSRKbRZWtelMtN5V0Hkwh5ryOto/SshYIg=="
    },
    "lodash._getnative": {
      "version": "3.9.1",
      "resolved": "https://registry.npmjs.org/lodash._getnative/-/lodash._getnative-3.9.1.tgz",
      "integrity": "sha1-VwvH3t5G1hzc3mh9ZdPuy6o6r/U="
    },
    "lodash.debounce": {
      "version": "4.0.8",
      "resolved": "https://registry.npmjs.org/lodash.debounce/-/lodash.debounce-4.0.8.tgz",
      "integrity": "sha1-gteb/zCmfEAF/9XiUVMArZyk168="
    },
    "lodash.isarguments": {
      "version": "3.1.0",
      "resolved": "https://registry.npmjs.org/lodash.isarguments/-/lodash.isarguments-3.1.0.tgz",
      "integrity": "sha1-L1c9hcaiQon/AGY7SRwdM4/zRYo="
    },
    "lodash.isarray": {
      "version": "3.0.4",
      "resolved": "https://registry.npmjs.org/lodash.isarray/-/lodash.isarray-3.0.4.tgz",
      "integrity": "sha1-eeTriMNqgSKvhvhEqpvNhRtfu1U="
    },
    "lodash.keys": {
      "version": "3.1.2",
      "resolved": "https://registry.npmjs.org/lodash.keys/-/lodash.keys-3.1.2.tgz",
      "integrity": "sha1-TbwEcrFWvlCgsoaFXRvQsMZWCYo=",
      "requires": {
        "lodash._getnative": "3.9.1",
        "lodash.isarguments": "3.1.0",
        "lodash.isarray": "3.0.4"
      }
    },
    "lodash.throttle": {
      "version": "4.1.1",
      "resolved": "https://registry.npmjs.org/lodash.throttle/-/lodash.throttle-4.1.1.tgz",
      "integrity": "sha1-wj6RtxAkKscMN/HhzaknTMOb8vQ="
    },
    "loose-envify": {
      "version": "1.4.0",
      "resolved": "https://registry.npmjs.org/loose-envify/-/loose-envify-1.4.0.tgz",
      "integrity": "sha512-lyuxPGr/Wfhrlem2CL/UcnUc1zcqKAImBDzukY7Y5F/yQiNdko6+fRLevlw1HgMySw7f611UIY408EtxRSoK3Q==",
      "requires": {
        "js-tokens": "4.0.0"
      }
    },
    "lru-cache": {
      "version": "4.1.3",
      "resolved": "https://registry.npmjs.org/lru-cache/-/lru-cache-4.1.3.tgz",
      "integrity": "sha512-fFEhvcgzuIoJVUF8fYr5KR0YqxD238zgObTps31YdADwPPAp82a4M8TrckkWyx7ekNlf9aBcVn81cFwwXngrJA==",
      "requires": {
        "pseudomap": "1.0.2",
        "yallist": "2.1.2"
      }
    },
    "mini-store": {
      "version": "1.1.2",
      "resolved": "https://registry.npmjs.org/mini-store/-/mini-store-1.1.2.tgz",
      "integrity": "sha512-2gU6dRzyv/79jrPw/SLtnj6EAdYlktW10e5jPqyIVeFgyFHxcP1BoqAH5Uf5WfKXbTdeHgJ+fuoAFP4falptdw==",
      "requires": {
        "hoist-non-react-statics": "2.5.5",
        "prop-types": "15.6.2",
        "react-lifecycles-compat": "3.0.4",
        "shallowequal": "1.1.0"
      }
    },
    "moment": {
      "version": "2.22.2",
      "resolved": "https://registry.npmjs.org/moment/-/moment-2.22.2.tgz",
      "integrity": "sha1-PCV/mDn8DpP/UxSWMiOeuQeD/2Y="
    },
    "mutationobserver-shim": {
      "version": "0.3.2",
      "resolved": "https://registry.npmjs.org/mutationobserver-shim/-/mutationobserver-shim-0.3.2.tgz",
      "integrity": "sha1-9NXa56SXGiIHkU+1qQ69UUtlrMo="
    },
    "node-fetch": {
      "version": "1.7.3",
      "resolved": "https://registry.npmjs.org/node-fetch/-/node-fetch-1.7.3.tgz",
      "integrity": "sha512-NhZ4CsKx7cYm2vSrBAr2PvFOe6sWDf0UYLRqA6svUYg7+/TSfVAu49jYC4BvQ4Sms9SZgdqGBgroqfDhJdTyKQ==",
      "requires": {
        "encoding": "0.1.12",
        "is-stream": "1.1.0"
      }
    },
    "object-assign": {
      "version": "4.1.1",
      "resolved": "https://registry.npmjs.org/object-assign/-/object-assign-4.1.1.tgz",
      "integrity": "sha1-IQmtx5ZYh8/AXLvUQsrIv7s2CGM="
    },
    "omit.js": {
      "version": "1.0.0",
      "resolved": "https://registry.npmjs.org/omit.js/-/omit.js-1.0.0.tgz",
      "integrity": "sha512-O1rwbvEfAdhtonTv+v6IQeMOKTi/wlHcXpI3hehyPDlujkjSBQC6Vtzg0mdy+v2KVDmuPf7hAbHlTBM6q1bUHQ==",
      "requires": {
        "babel-runtime": "6.26.0"
      }
    },
    "performance-now": {
      "version": "2.1.0",
      "resolved": "https://registry.npmjs.org/performance-now/-/performance-now-2.1.0.tgz",
      "integrity": "sha1-Ywn04OX6kT7BxpMHrjZLSzd8nns="
    },
    "postcss-value-parser": {
      "version": "3.3.0",
      "resolved": "https://registry.npmjs.org/postcss-value-parser/-/postcss-value-parser-3.3.0.tgz",
      "integrity": "sha1-h/OPnxj3dKSrTIojL1xc6IcqnRU="
    },
    "promise": {
      "version": "7.3.1",
      "resolved": "https://registry.npmjs.org/promise/-/promise-7.3.1.tgz",
      "integrity": "sha512-nolQXZ/4L+bP/UGlkfaIujX9BKxGwmQ9OT4mOt5yvy8iK1h3wqTEJCijzGANTCCl9nWjY41juyAn2K3Q1hLLTg==",
      "requires": {
        "asap": "2.0.6"
      }
    },
    "prop-types": {
      "version": "15.6.2",
      "resolved": "https://registry.npmjs.org/prop-types/-/prop-types-15.6.2.tgz",
      "integrity": "sha512-3pboPvLiWD7dkI3qf3KbUe6hKFKa52w+AE0VCqECtf+QHAKgOL37tTaNCnuX1nAAQ4ZhyP+kYVKf8rLmJ/feDQ==",
      "requires": {
        "loose-envify": "1.4.0",
        "object-assign": "4.1.1"
      }
    },
    "pseudomap": {
      "version": "1.0.2",
      "resolved": "https://registry.npmjs.org/pseudomap/-/pseudomap-1.0.2.tgz",
      "integrity": "sha1-8FKijacOYYkX7wqKw0wa5aaChrM="
    },
    "raf": {
      "version": "3.4.0",
      "resolved": "https://registry.npmjs.org/raf/-/raf-3.4.0.tgz",
      "integrity": "sha512-pDP/NMRAXoTfrhCfyfSEwJAKLaxBU9eApMeBPB1TkDouZmvPerIClV8lTAd+uF8ZiTaVl69e1FCxQrAd/VTjGw==",
      "requires": {
        "performance-now": "2.1.0"
      }
    },
    "rc-align": {
      "version": "2.4.3",
      "resolved": "https://registry.npmjs.org/rc-align/-/rc-align-2.4.3.tgz",
      "integrity": "sha512-h5KgyB5IXYR7iKpYFcMr54cuQ2eozPCZ11kbXPG5+6CWvmyJ+c0R/yjndVndiNk2G3MKcTMbJNdDv5DIckLAxQ==",
      "requires": {
        "babel-runtime": "6.26.0",
        "dom-align": "1.8.0",
        "prop-types": "15.6.2",
        "rc-util": "4.5.1"
      }
    },
    "rc-animate": {
      "version": "2.4.4",
      "resolved": "https://registry.npmjs.org/rc-animate/-/rc-animate-2.4.4.tgz",
      "integrity": "sha512-DjJLTUQj7XKKcuS8cczN0uOLfuSmgrVXFGieP1SZc87xUUTFGh8B/KjNmEtlfvxkSrSuVfb2rrEPER4SqKUtEA==",
      "requires": {
        "babel-runtime": "6.26.0",
        "css-animation": "1.4.1",
        "prop-types": "15.6.2"
      }
    },
    "rc-calendar": {
      "version": "9.7.7",
      "resolved": "https://registry.npmjs.org/rc-calendar/-/rc-calendar-9.7.7.tgz",
      "integrity": "sha512-kzP0Z2A0XLmizfx5iqpjvCW1kE7sR23c2horqGmhIFD+plEWg15ihopKs4xBteC05rvewbxgk2e3XcGVJq7lMg==",
      "requires": {
        "babel-runtime": "6.26.0",
        "classnames": "2.2.6",
        "create-react-class": "15.6.3",
        "moment": "2.22.2",
        "prop-types": "15.6.2",
        "rc-trigger": "2.5.4",
        "rc-util": "4.5.1"
      }
    },
    "rc-cascader": {
      "version": "0.16.0",
      "resolved": "https://registry.npmjs.org/rc-cascader/-/rc-cascader-0.16.0.tgz",
      "integrity": "sha512-hQ3OoVY2BTsA5gAEz8wucLQa1aC9XW5s5aPL0tpmEgwVrc0Ic7Zidy2OTNtyQxxSLkV0PmIR5bOlqKdGeqHfYA==",
      "requires": {
        "array-tree-filter": "1.0.1",
        "prop-types": "15.6.2",
        "rc-trigger": "2.5.4",
        "rc-util": "4.5.1",
        "shallow-equal": "1.0.0",
        "warning": "4.0.2"
      },
      "dependencies": {
        "array-tree-filter": {
          "version": "1.0.1",
          "resolved": "https://registry.npmjs.org/array-tree-filter/-/array-tree-filter-1.0.1.tgz",
          "integrity": "sha1-CorR7v04zoiFhjL5zAQj12NOTV0="
        }
      }
    },
    "rc-checkbox": {
      "version": "2.1.5",
      "resolved": "https://registry.npmjs.org/rc-checkbox/-/rc-checkbox-2.1.5.tgz",
      "integrity": "sha512-WXKnZV6ipS3Jsmd7mVenVUQf+ictgWZW0RqiH+7MeYdzGj/SL4g/S6MZgRdgzaBS2tGBCp4bvhGcyZLns6uQxw==",
      "requires": {
        "babel-runtime": "6.26.0",
        "classnames": "2.2.6",
        "prop-types": "15.6.2",
        "rc-util": "4.5.1"
      }
    },
    "rc-collapse": {
      "version": "1.10.0",
      "resolved": "https://registry.npmjs.org/rc-collapse/-/rc-collapse-1.10.0.tgz",
      "integrity": "sha512-H8cn7yOhSg28anuhZTSbGBTEWYMmEqNHWT2AMCXk6JpYN5RpdJDCWMZitdJYPeKT0axMqQnrNe4upSELmWnTMw==",
      "requires": {
        "classnames": "2.2.6",
        "css-animation": "1.4.1",
        "prop-types": "15.6.2",
        "rc-animate": "2.4.4"
      }
    },
    "rc-dialog": {
      "version": "7.2.1",
      "resolved": "https://registry.npmjs.org/rc-dialog/-/rc-dialog-7.2.1.tgz",
      "integrity": "sha512-UgKNFq6ekC7XZUnXYss/9/HSDajwy04qJ++8Iuecvfq48FbMf1k9UtTW0QGcbKIfLHWUJV13/DsTBJki2H6vWw==",
      "requires": {
        "babel-runtime": "6.26.0",
        "rc-animate": "2.4.4",
        "rc-util": "4.5.1"
      }
    },
    "rc-drawer": {
      "version": "1.7.4",
      "resolved": "https://registry.npmjs.org/rc-drawer/-/rc-drawer-1.7.4.tgz",
      "integrity": "sha512-sw51UXe8cRUi+BNJUNC4DzhvK3Py+mQBLVY4vwU8CfUo7DLx9BGzNp4feliPGQhnxCDziC5dSvnFsadXE2KhZw==",
      "requires": {
        "babel-runtime": "6.26.0",
        "classnames": "2.2.6",
        "prop-types": "15.6.2",
        "rc-util": "4.5.1"
      }
    },
    "rc-dropdown": {
      "version": "2.2.0",
      "resolved": "https://registry.npmjs.org/rc-dropdown/-/rc-dropdown-2.2.0.tgz",
      "integrity": "sha512-gVqR8eC4iGuDeIIXm3vcfoo4Ui9FvjE2Gh1FSbztWE7Lr68zI/8Zb4Pc/Z1ZGJflpo6PGMCwy5zWyuIFH28G7Q==",
      "requires": {
        "babel-runtime": "6.26.0",
        "prop-types": "15.6.2",
        "rc-trigger": "2.5.4",
        "react-lifecycles-compat": "3.0.4"
      }
    },
    "rc-editor-core": {
      "version": "0.8.7",
      "resolved": "https://registry.npmjs.org/rc-editor-core/-/rc-editor-core-0.8.7.tgz",
      "integrity": "sha512-3T4aGK9sLyIwFjPxZLZIbHLvB5pU/D5/m022BgG7O2lYBpxLtRV7Zr3B5HCP8u5sj/J1tiqn9wsXS0OaoAHaOw==",
      "requires": {
        "babel-runtime": "6.26.0",
        "classnames": "2.2.6",
        "draft-js": "0.10.5",
        "immutable": "3.7.6",
        "lodash": "4.17.11",
        "prop-types": "15.6.2",
        "setimmediate": "1.0.5"
      }
    },
    "rc-editor-mention": {
      "version": "1.1.7",
      "resolved": "https://registry.npmjs.org/rc-editor-mention/-/rc-editor-mention-1.1.7.tgz",
      "integrity": "sha512-5z9OX8gxh76oD8kx0Hi2fTZEyrmrfDo35ouFgpFrhB3H1L+WY4yvi1yUUZJG1uAxq/3Hlhnet4AFy1SnepinyQ==",
      "requires": {
        "babel-runtime": "6.26.0",
        "classnames": "2.2.6",
        "dom-scroll-into-view": "1.2.1",
        "draft-js": "0.10.5",
        "prop-types": "15.6.2",
        "rc-animate": "2.4.4",
        "rc-editor-core": "0.8.7"
      }
    },
    "rc-form": {
      "version": "2.2.2",
      "resolved": "https://registry.npmjs.org/rc-form/-/rc-form-2.2.2.tgz",
      "integrity": "sha512-YuBjxw5qbjzH75+bG3/0ceKpJCdXD6TAR9bkUG1lBlrCX6N+aQ5lcK2lOn2aTJzNxoKNWG0v6PjwBMK7OJBpeg==",
      "requires": {
        "async-validator": "1.8.5",
        "babel-runtime": "6.26.0",
        "create-react-class": "15.6.3",
        "dom-scroll-into-view": "1.2.1",
        "hoist-non-react-statics": "2.5.5",
        "lodash": "4.17.11",
        "warning": "3.0.0"
      },
      "dependencies": {
        "warning": {
          "version": "3.0.0",
          "resolved": "https://registry.npmjs.org/warning/-/warning-3.0.0.tgz",
          "integrity": "sha1-MuU3fLVy3kqwR1O9+IIcAe1gW3w=",
          "requires": {
            "loose-envify": "1.4.0"
          }
        }
      }
    },
    "rc-hammerjs": {
      "version": "0.6.9",
      "resolved": "https://registry.npmjs.org/rc-hammerjs/-/rc-hammerjs-0.6.9.tgz",
      "integrity": "sha512-4llgWO3RgLyVbEqUdGsDfzUDqklRlQW5VEhE3x35IvhV+w//VPRG34SBavK3D2mD/UaLKaohgU41V4agiftC8g==",
      "requires": {
        "babel-runtime": "6.26.0",
        "hammerjs": "2.0.8",
        "prop-types": "15.6.2"
      }
    },
    "rc-input-number": {
      "version": "4.0.13",
      "resolved": "https://registry.npmjs.org/rc-input-number/-/rc-input-number-4.0.13.tgz",
      "integrity": "sha512-IaFEomBmAn0Lyurxn7DvgmpIaS+asa3DY4rX8x4qscRiBvEMPr8b17lUkc5xI2ajXa/m0fx0zYcq4bPHAIS7fQ==",
      "requires": {
        "babel-runtime": "6.26.0",
        "classnames": "2.2.6",
        "is-negative-zero": "2.0.0",
        "prop-types": "15.6.2",
        "rc-util": "4.5.1",
        "rmc-feedback": "2.0.0"
      }
    },
    "rc-menu": {
      "version": "7.4.8",
      "resolved": "https://registry.npmjs.org/rc-menu/-/rc-menu-7.4.8.tgz",
      "integrity": "sha512-OENoSLSkk0XHexb+OMSd1iI5Lncl4dMve7RvXXsOPQIb4Hpstk6+5JdAVlhp91Lm8U/1/9LKf/wMtJ4houU8NA==",
      "requires": {
        "babel-runtime": "6.26.0",
        "classnames": "2.2.6",
        "dom-scroll-into-view": "1.2.1",
        "mini-store": "1.1.2",
        "mutationobserver-shim": "0.3.2",
        "prop-types": "15.6.2",
        "rc-animate": "2.4.4",
        "rc-trigger": "2.5.4",
        "rc-util": "4.5.1",
        "resize-observer-polyfill": "1.5.0"
      }
    },
    "rc-notification": {
      "version": "3.2.0",
      "resolved": "https://registry.npmjs.org/rc-notification/-/rc-notification-3.2.0.tgz",
      "integrity": "sha512-UUr9WDjZ/4dHNGSNDMfpt8ut1w/Ed7ZaXAR/yVyFjPo/RxFE22alGWDfCD4W/kcGx+H5sI2wY5w7pTWToSdK6A==",
      "requires": {
        "babel-runtime": "6.26.0",
        "classnames": "2.2.6",
        "prop-types": "15.6.2",
        "rc-animate": "2.4.4",
        "rc-util": "4.5.1"
      }
    },
    "rc-pagination": {
      "version": "1.17.1",
      "resolved": "https://registry.npmjs.org/rc-pagination/-/rc-pagination-1.17.1.tgz",
      "integrity": "sha512-N5CwYuYRfV6uHXfUOi1gbzbn/fkjhv58hYwMzeBO4EwTUcpm4dNx9OnMY5ozN/PYOWvzdehjFaj4f4/p7PySSw==",
      "requires": {
        "babel-runtime": "6.26.0",
        "prop-types": "15.6.2"
      }
    },
    "rc-progress": {
      "version": "2.2.5",
      "resolved": "https://registry.npmjs.org/rc-progress/-/rc-progress-2.2.5.tgz",
      "integrity": "sha1-5h0FRL+dQgjlujL8UJYhWef5UqM=",
      "requires": {
        "babel-runtime": "6.26.0",
        "prop-types": "15.6.2"
      }
    },
    "rc-rate": {
      "version": "2.4.2",
      "resolved": "https://registry.npmjs.org/rc-rate/-/rc-rate-2.4.2.tgz",
      "integrity": "sha512-g5MeQFoQS7ERFRDe7kfxaEsvMLSuD4V5aYNid6a3I9KCQRKe5n3We8eNTbK6vLZQ7ZoiBR1NYYG9F1oA1/rNKA==",
      "requires": {
        "babel-runtime": "6.26.0",
        "classnames": "2.2.6",
        "prop-types": "15.6.2",
        "rc-util": "4.5.1"
      }
    },
    "rc-select": {
      "version": "8.2.8",
      "resolved": "https://registry.npmjs.org/rc-select/-/rc-select-8.2.8.tgz",
      "integrity": "sha512-lSsrjEfAwHeBJRJAoylP+rnE6Z7dVyGXpoZIL0DodslKz2k6I7U/RmAtteO7WsHkjXHg55LDn/5jOnSZzviQ3g==",
      "requires": {
        "babel-runtime": "6.26.0",
        "classnames": "2.2.6",
        "component-classes": "1.2.6",
        "dom-scroll-into-view": "1.2.1",
        "prop-types": "15.6.2",
        "raf": "3.4.0",
        "rc-animate": "2.4.4",
        "rc-menu": "7.4.8",
        "rc-trigger": "2.5.4",
        "rc-util": "4.5.1",
        "react-lifecycles-compat": "3.0.4",
        "warning": "4.0.2"
      }
    },
    "rc-slider": {
      "version": "8.6.2",
      "resolved": "https://registry.npmjs.org/rc-slider/-/rc-slider-8.6.2.tgz",
      "integrity": "sha512-IZf/zSTXlvOoseOBjRgSGQywhxEUYiwhMrGOyTYraoihG7N5lKZZJtVM519eLMRG+SHYkpp7j7wAnGYnQ1TxUQ==",
      "requires": {
        "babel-runtime": "6.26.0",
        "classnames": "2.2.6",
        "prop-types": "15.6.2",
        "rc-tooltip": "3.7.2",
        "rc-util": "4.5.1",
        "shallowequal": "1.1.0",
        "warning": "3.0.0"
      },
      "dependencies": {
        "warning": {
          "version": "3.0.0",
          "resolved": "https://registry.npmjs.org/warning/-/warning-3.0.0.tgz",
          "integrity": "sha1-MuU3fLVy3kqwR1O9+IIcAe1gW3w=",
          "requires": {
            "loose-envify": "1.4.0"
          }
        }
      }
    },
    "rc-steps": {
      "version": "3.3.0",
      "resolved": "https://registry.npmjs.org/rc-steps/-/rc-steps-3.3.0.tgz",
      "integrity": "sha512-a4TjKu27Nmgo7CbT/Rx17G24yL/FYfv7tDBptuw3JixCMNs6H935vQvsYIdyO9k/l02uGXd/DGVAqUIDHJEBeA==",
      "requires": {
        "babel-runtime": "6.26.0",
        "classnames": "2.2.6",
        "lodash": "4.17.11",
        "prop-types": "15.6.2"
      }
    },
    "rc-switch": {
      "version": "1.7.0",
      "resolved": "https://registry.npmjs.org/rc-switch/-/rc-switch-1.7.0.tgz",
      "integrity": "sha512-G7ynfwK5/w7FN1vOnOlEnKOgJmCbB8pd91rHV7thlXh7NSAzOotn1/dCkk5C//sD/T9RH95WSNVgLFdRxTjpFA==",
      "requires": {
        "babel-runtime": "6.26.0",
        "classnames": "2.2.6",
        "prop-types": "15.6.2"
      }
    },
    "rc-table": {
      "version": "6.3.4",
      "resolved": "https://registry.npmjs.org/rc-table/-/rc-table-6.3.4.tgz",
      "integrity": "sha512-T6eCrRtPvIXO10qfpWS7zkR8TvcQ+vDVVgAuO4JQVqiWUIGz+OMydWZjyQhlC8PaLwbVWqB6ecjMUF8q8HhdVg==",
      "requires": {
        "babel-runtime": "6.26.0",
        "classnames": "2.2.6",
        "component-classes": "1.2.6",
        "lodash": "4.17.11",
        "mini-store": "1.1.2",
        "prop-types": "15.6.2",
        "rc-util": "4.5.1",
        "react-lifecycles-compat": "3.0.4",
        "shallowequal": "1.1.0",
        "warning": "3.0.0"
      },
      "dependencies": {
        "warning": {
          "version": "3.0.0",
          "resolved": "https://registry.npmjs.org/warning/-/warning-3.0.0.tgz",
          "integrity": "sha1-MuU3fLVy3kqwR1O9+IIcAe1gW3w=",
          "requires": {
            "loose-envify": "1.4.0"
          }
        }
      }
    },
    "rc-tabs": {
      "version": "9.4.3",
      "resolved": "https://registry.npmjs.org/rc-tabs/-/rc-tabs-9.4.3.tgz",
      "integrity": "sha512-BOTBSbNpwRgiwQFpcxL/RATdX9tFn8hlF2N/7QvFsYrg9UQdye8Vdxxj5OD+Vbjg99Ibfg+rs9SeYLjI3dOgzg==",
      "requires": {
        "babel-runtime": "6.26.0",
        "classnames": "2.2.6",
        "lodash": "4.17.11",
        "prop-types": "15.6.2",
        "rc-hammerjs": "0.6.9",
        "rc-util": "4.5.1",
        "warning": "3.0.0"
      },
      "dependencies": {
        "warning": {
          "version": "3.0.0",
          "resolved": "https://registry.npmjs.org/warning/-/warning-3.0.0.tgz",
          "integrity": "sha1-MuU3fLVy3kqwR1O9+IIcAe1gW3w=",
          "requires": {
            "loose-envify": "1.4.0"
          }
        }
      }
    },
    "rc-time-picker": {
      "version": "3.4.0",
      "resolved": "https://registry.npmjs.org/rc-time-picker/-/rc-time-picker-3.4.0.tgz",
      "integrity": "sha512-BgF0Fu/d36AK0h8jYBa01VWCm5vHWtYCh4DXBQhNazPLSH9hMP6JHLMJPSYMJ9jKttdE18O+F3j0mVQCL8JpDg==",
      "requires": {
        "babel-runtime": "6.26.0",
        "classnames": "2.2.6",
        "moment": "2.22.2",
        "prop-types": "15.6.2",
        "rc-trigger": "2.5.4"
      }
    },
    "rc-tooltip": {
      "version": "3.7.2",
      "resolved": "https://registry.npmjs.org/rc-tooltip/-/rc-tooltip-3.7.2.tgz",
      "integrity": "sha512-vsF29ohlfgr7lEP12aJ5j4U/4hzqSBYjWQo8I09re+q95v1o4nDjH1q/B3qFkf9aml2FbgdkJw9KYz/zXUgApA==",
      "requires": {
        "babel-runtime": "6.26.0",
        "prop-types": "15.6.2",
        "rc-trigger": "2.5.4"
      }
    },
    "rc-tree": {
      "version": "1.14.6",
      "resolved": "https://registry.npmjs.org/rc-tree/-/rc-tree-1.14.6.tgz",
      "integrity": "sha512-dY6mRl1DW5b4HipFyl8TfpstNHJqx9nSjOVXxTcddzkSuNwsO9t5Jes3aZ3hdldHPtQiLTkkt8knHpRf0Hffqw==",
      "requires": {
        "babel-runtime": "6.26.0",
        "classnames": "2.2.6",
        "prop-types": "15.6.2",
        "rc-animate": "3.0.0-rc.6",
        "rc-util": "4.5.1",
        "react-lifecycles-compat": "3.0.4",
        "warning": "3.0.0"
      },
      "dependencies": {
        "rc-animate": {
          "version": "3.0.0-rc.6",
          "resolved": "https://registry.npmjs.org/rc-animate/-/rc-animate-3.0.0-rc.6.tgz",
          "integrity": "sha512-oBLPpiT6Q4t6YvD/pkLcmofBP1p01TX0Otse8Q4+Mxt8J+VSDflLZGIgf62EwkvRwsQUkLPjZVFBsldnPKLzjg==",
          "requires": {
            "babel-runtime": "6.26.0",
            "classnames": "2.2.6",
            "component-classes": "1.2.6",
            "fbjs": "0.8.17",
            "prop-types": "15.6.2",
            "raf": "3.4.0",
            "rc-util": "4.5.1",
            "react-lifecycles-compat": "3.0.4"
          }
        },
        "warning": {
          "version": "3.0.0",
          "resolved": "https://registry.npmjs.org/warning/-/warning-3.0.0.tgz",
          "integrity": "sha1-MuU3fLVy3kqwR1O9+IIcAe1gW3w=",
          "requires": {
            "loose-envify": "1.4.0"
          }
        }
      }
    },
    "rc-tree-select": {
      "version": "2.2.4",
      "resolved": "https://registry.npmjs.org/rc-tree-select/-/rc-tree-select-2.2.4.tgz",
      "integrity": "sha512-2rFUpKjiNnQkxKiU6Jgs7dyu5yur6HI5fD4498i8EkzPHvy9/RhDBFThBbLAdX554eqh6NR/L8N1lwEm7veTLA==",
      "requires": {
        "babel-runtime": "6.26.0",
        "classnames": "2.2.6",
        "prop-types": "15.6.2",
        "raf": "3.4.0",
        "rc-animate": "3.0.0-rc.6",
        "rc-tree": "1.14.6",
        "rc-trigger": "3.0.0-rc.3",
        "rc-util": "4.5.1",
        "react-lifecycles-compat": "3.0.4",
        "shallowequal": "1.1.0",
        "warning": "4.0.2"
      },
      "dependencies": {
        "rc-animate": {
          "version": "3.0.0-rc.6",
          "resolved": "https://registry.npmjs.org/rc-animate/-/rc-animate-3.0.0-rc.6.tgz",
          "integrity": "sha512-oBLPpiT6Q4t6YvD/pkLcmofBP1p01TX0Otse8Q4+Mxt8J+VSDflLZGIgf62EwkvRwsQUkLPjZVFBsldnPKLzjg==",
          "requires": {
            "babel-runtime": "6.26.0",
            "classnames": "2.2.6",
            "component-classes": "1.2.6",
            "fbjs": "0.8.17",
            "prop-types": "15.6.2",
            "raf": "3.4.0",
            "rc-util": "4.5.1",
            "react-lifecycles-compat": "3.0.4"
          }
        },
        "rc-trigger": {
          "version": "3.0.0-rc.3",
          "resolved": "https://registry.npmjs.org/rc-trigger/-/rc-trigger-3.0.0-rc.3.tgz",
          "integrity": "sha512-4vB6cpxcUdm2qO5VtB9q1TZz0MoWm9BzFLvGknulphGrl1qI6uxUsPDCvqnmujdpDdAKGGfjxntFpA7RtAwkFQ==",
          "requires": {
            "babel-runtime": "6.26.0",
            "classnames": "2.2.6",
            "prop-types": "15.6.2",
            "raf": "3.4.0",
            "rc-align": "2.4.3",
            "rc-animate": "3.0.0-rc.6",
            "rc-util": "4.5.1"
          }
        }
      }
    },
    "rc-trigger": {
      "version": "2.5.4",
      "resolved": "https://registry.npmjs.org/rc-trigger/-/rc-trigger-2.5.4.tgz",
      "integrity": "sha512-clgXOdazDW2qg4vTZSAExpvOuojPNuMoamG+SxAm5Ih+rpVcrtEiDlDZWY4yUHyfEWJZBzgbrr4np/z2FK6RfA==",
      "requires": {
        "babel-runtime": "6.26.0",
        "classnames": "2.2.6",
        "prop-types": "15.6.2",
        "rc-align": "2.4.3",
        "rc-animate": "2.4.4",
        "rc-util": "4.5.1"
      }
    },
    "rc-upload": {
      "version": "2.5.1",
      "resolved": "https://registry.npmjs.org/rc-upload/-/rc-upload-2.5.1.tgz",
      "integrity": "sha512-tFZTEfWlIqlKrvl9UHLGkSXj8oOrOsXcILVjMwTZCf61gJNZXMfyigifClsPqz+EEXkQvpovu/9zgLqBpbJlLA==",
      "requires": {
        "babel-runtime": "6.26.0",
        "classnames": "2.2.6",
        "prop-types": "15.6.2",
        "warning": "2.1.0"
      },
      "dependencies": {
        "warning": {
          "version": "2.1.0",
          "resolved": "https://registry.npmjs.org/warning/-/warning-2.1.0.tgz",
          "integrity": "sha1-ISINnGOvx3qMkhEeARr3Bc4MaQE=",
          "requires": {
            "loose-envify": "1.4.0"
          }
        }
      }
    },
    "rc-util": {
      "version": "4.5.1",
      "resolved": "https://registry.npmjs.org/rc-util/-/rc-util-4.5.1.tgz",
      "integrity": "sha512-PdCmHyBBodZdw6Oaikt0l+/R79IcRXpYkTrqD/Rbl4ZdoOi61t5TtEe40Q+A7rkWG5U1xjcN+h8j9H6GdtnICw==",
      "requires": {
        "add-dom-event-listener": "1.0.2",
        "babel-runtime": "6.26.0",
        "prop-types": "15.6.2",
        "shallowequal": "0.2.2"
      },
      "dependencies": {
        "shallowequal": {
          "version": "0.2.2",
          "resolved": "https://registry.npmjs.org/shallowequal/-/shallowequal-0.2.2.tgz",
          "integrity": "sha1-HjL9W8q2rWiKSBLLDMBO/HXHAU4=",
          "requires": {
            "lodash.keys": "3.1.2"
          }
        }
      }
    },
    "react": {
      "version": "16.5.1",
      "resolved": "https://registry.npmjs.org/react/-/react-16.5.1.tgz",
      "integrity": "sha512-E+23+rbpPsJgSX812LQkwupUCFnbVE84+L8uxlkqN5MU0DcraWMlVf9cRvKCKtGu0XvScyRnW7Z+9d7ymkjy3A==",
      "requires": {
        "loose-envify": "1.4.0",
        "object-assign": "4.1.1",
        "prop-types": "15.6.2",
        "schedule": "0.4.0"
      }
    },
    "react-app-rewired": {
      "version": "1.6.2",
      "resolved": "https://registry.npmjs.org/react-app-rewired/-/react-app-rewired-1.6.2.tgz",
      "integrity": "sha512-TxbP1W9jPPTmj0YJeFNgcJc6IMg7sv845aHUIUvVQtXdA8IWzOZairk3Bth6GHbxoF2QitbvUlM7/NAH4VmmJg==",
      "requires": {
        "cross-spawn": "5.1.0",
        "dotenv": "4.0.0"
      }
    },
    "react-is": {
      "version": "16.5.1",
      "resolved": "https://registry.npmjs.org/react-is/-/react-is-16.5.1.tgz",
      "integrity": "sha512-Q7S+9y2lJA9oJCMqLt045f+kLRhsMLA1wW2DAGXA6b7wcTQRHnUDMc5oR49tn0Z4swvnfV+/t8iZFXY74IQmpA=="
    },
    "react-lazy-load": {
      "version": "3.0.13",
      "resolved": "https://registry.npmjs.org/react-lazy-load/-/react-lazy-load-3.0.13.tgz",
      "integrity": "sha1-OwqS0zbUPT8Nc8vm81sXBQsIuCQ=",
      "requires": {
        "eventlistener": "0.0.1",
        "lodash.debounce": "4.0.8",
        "lodash.throttle": "4.1.1",
        "prop-types": "15.6.2"
      }
    },
    "react-lifecycles-compat": {
      "version": "3.0.4",
      "resolved": "https://registry.npmjs.org/react-lifecycles-compat/-/react-lifecycles-compat-3.0.4.tgz",
      "integrity": "sha512-fBASbA6LnOU9dOU2eW7aQ8xmYBSXUIWr+UmF9b1efZBazGNO+rcXT/icdKnYm2pTwcRylVUYwW7H1PHfLekVzA=="
    },
    "react-slick": {
      "version": "0.23.1",
      "resolved": "https://registry.npmjs.org/react-slick/-/react-slick-0.23.1.tgz",
      "integrity": "sha512-vn4E+JeTUrjRgXDEV0QEiWo3fNdB6Lg/e8eMYSh3OjuadqYBsgn0OfbqNxVJs7cv1VmSKm14razHEbpRFP/mvw==",
      "requires": {
        "classnames": "2.2.6",
        "enquire.js": "2.1.6",
        "json2mq": "0.2.0",
        "lodash.debounce": "4.0.8",
        "resize-observer-polyfill": "1.5.0"
      }
    },
    "regenerator-runtime": {
      "version": "0.11.1",
      "resolved": "https://registry.npmjs.org/regenerator-runtime/-/regenerator-runtime-0.11.1.tgz",
      "integrity": "sha512-MguG95oij0fC3QV3URf4V2SDYGJhJnJGqvIIgdECeODCT98wSWDAJ94SSuVpYQUoTcGUIL6L4yNB7j1DFFHSBg=="
    },
    "resize-observer-polyfill": {
      "version": "1.5.0",
      "resolved": "https://registry.npmjs.org/resize-observer-polyfill/-/resize-observer-polyfill-1.5.0.tgz",
      "integrity": "sha512-M2AelyJDVR/oLnToJLtuDJRBBWUGUvvGigj1411hXhAdyFWqMaqHp7TixW3FpiLuVaikIcR1QL+zqoJoZlOgpg=="
    },
    "rmc-feedback": {
      "version": "2.0.0",
      "resolved": "https://registry.npmjs.org/rmc-feedback/-/rmc-feedback-2.0.0.tgz",
      "integrity": "sha512-5PWOGOW7VXks/l3JzlOU9NIxRpuaSS8d9zA3UULUCuTKnpwBHNvv1jSJzxgbbCQeYzROWUpgKI4za3X4C/mKmQ==",
      "requires": {
        "babel-runtime": "6.26.0",
        "classnames": "2.2.6"
      }
    },
    "safer-buffer": {
      "version": "2.1.2",
      "resolved": "https://registry.npmjs.org/safer-buffer/-/safer-buffer-2.1.2.tgz",
      "integrity": "sha512-YZo3K82SD7Riyi0E1EQPojLz7kpepnSQI9IyPbHHg1XXXevb5dJI7tpyN2ADxGcQbHG7vcyRHk0cbwqcQriUtg=="
    },
    "schedule": {
      "version": "0.4.0",
      "resolved": "https://registry.npmjs.org/schedule/-/schedule-0.4.0.tgz",
      "integrity": "sha512-hYjmoaEMojiMkWCxKr6ue+LYcZ29u29+AamWYmzwT2VOO9ws5UJp/wNhsVUPiUeNh+EdRfZm7nDeB40ffTfMhA==",
      "requires": {
        "object-assign": "4.1.1"
      }
    },
    "setimmediate": {
      "version": "1.0.5",
      "resolved": "https://registry.npmjs.org/setimmediate/-/setimmediate-1.0.5.tgz",
      "integrity": "sha1-KQy7Iy4waULX1+qbg3Mqt4VvgoU="
    },
    "shallow-equal": {
      "version": "1.0.0",
      "resolved": "https://registry.npmjs.org/shallow-equal/-/shallow-equal-1.0.0.tgz",
      "integrity": "sha1-UI0YOLPeWQq4dXsBGyXkMJAJRfc="
    },
    "shallowequal": {
      "version": "1.1.0",
      "resolved": "https://registry.npmjs.org/shallowequal/-/shallowequal-1.1.0.tgz",
      "integrity": "sha512-y0m1JoUZSlPAjXVtPPW70aZWfIL/dSP7AFkRnniLCrK/8MDKog3TySTBmckD+RObVxH0v4Tox67+F14PdED2oQ=="
    },
    "shebang-command": {
      "version": "1.2.0",
      "resolved": "https://registry.npmjs.org/shebang-command/-/shebang-command-1.2.0.tgz",
      "integrity": "sha1-RKrGW2lbAzmJaMOfNj/uXer98eo=",
      "requires": {
        "shebang-regex": "1.0.0"
      }
    },
    "shebang-regex": {
      "version": "1.0.0",
      "resolved": "https://registry.npmjs.org/shebang-regex/-/shebang-regex-1.0.0.tgz",
      "integrity": "sha1-2kL0l0DAtC2yypcoVxyxkMmO/qM="
    },
    "string-convert": {
      "version": "0.2.1",
      "resolved": "https://registry.npmjs.org/string-convert/-/string-convert-0.2.1.tgz",
      "integrity": "sha1-aYLMMEn7tM2F+LJFaLnZvznu/5c="
    },
    "styled-components": {
      "version": "3.4.6",
      "resolved": "https://registry.npmjs.org/styled-components/-/styled-components-3.4.6.tgz",
      "integrity": "sha512-HiEVVY93oH/PuekPuIE7ownn2wmO708rS8MM1yS20i0TCyFgPs3mbop8fJqKLRtC2/npVn2fO5Je6azaL6T2tg==",
      "requires": {
        "buffer": "5.2.1",
        "css-to-react-native": "2.2.1",
        "fbjs": "0.8.17",
        "hoist-non-react-statics": "2.5.5",
        "prop-types": "15.6.2",
        "react-is": "16.5.1",
        "stylis": "3.5.3",
        "stylis-rule-sheet": "0.0.10",
        "supports-color": "3.2.3"
      }
    },
    "stylis": {
      "version": "3.5.3",
      "resolved": "https://registry.npmjs.org/stylis/-/stylis-3.5.3.tgz",
      "integrity": "sha512-TxU0aAscJghF9I3V9q601xcK3Uw1JbXvpsBGj/HULqexKOKlOEzzlIpLFRbKkCK990ccuxfXUqmPbIIo7Fq/cQ=="
    },
    "stylis-rule-sheet": {
      "version": "0.0.10",
      "resolved": "https://registry.npmjs.org/stylis-rule-sheet/-/stylis-rule-sheet-0.0.10.tgz",
      "integrity": "sha512-nTbZoaqoBnmK+ptANthb10ZRZOGC+EmTLLUxeYIuHNkEKcmKgXX1XWKkUBT2Ac4es3NybooPe0SmvKdhKJZAuw=="
    },
    "supports-color": {
      "version": "3.2.3",
      "resolved": "https://registry.npmjs.org/supports-color/-/supports-color-3.2.3.tgz",
      "integrity": "sha1-ZawFBLOVQXHYpklGsq48u4pfVPY=",
      "requires": {
        "has-flag": "1.0.0"
      }
    },
    "tinycolor2": {
      "version": "1.4.1",
      "resolved": "https://registry.npmjs.org/tinycolor2/-/tinycolor2-1.4.1.tgz",
      "integrity": "sha1-9PrTM0R7wLB9TcjpIJ2POaisd+g="
    },
    "to-fast-properties": {
      "version": "2.0.0",
      "resolved": "https://registry.npmjs.org/to-fast-properties/-/to-fast-properties-2.0.0.tgz",
      "integrity": "sha1-3F5pjL0HkmW8c+A3doGk5Og/YW4="
    },
    "ua-parser-js": {
      "version": "0.7.18",
      "resolved": "https://registry.npmjs.org/ua-parser-js/-/ua-parser-js-0.7.18.tgz",
      "integrity": "sha512-LtzwHlVHwFGTptfNSgezHp7WUlwiqb0gA9AALRbKaERfxwJoiX0A73QbTToxteIAuIaFshhgIZfqK8s7clqgnA=="
    },
    "warning": {
      "version": "4.0.2",
      "resolved": "https://registry.npmjs.org/warning/-/warning-4.0.2.tgz",
      "integrity": "sha512-wbTp09q/9C+jJn4KKJfJfoS6VleK/Dti0yqWSm6KMvJ4MRCXFQNapHuJXutJIrWV0Cf4AhTdeIe4qdKHR1+Hug==",
      "requires": {
        "loose-envify": "1.4.0"
      }
    },
    "whatwg-fetch": {
      "version": "3.0.0",
      "resolved": "https://registry.npmjs.org/whatwg-fetch/-/whatwg-fetch-3.0.0.tgz",
      "integrity": "sha512-9GSJUgz1D4MfyKU7KRqwOjXCXTqWdFNvEr7eUBYchQiVc744mqK/MzXPNR2WsPkmkOa4ywfg8C2n8h+13Bey1Q=="
    },
    "which": {
      "version": "1.3.1",
      "resolved": "https://registry.npmjs.org/which/-/which-1.3.1.tgz",
      "integrity": "sha512-HxJdYWq1MTIQbJ3nw0cqssHoTNU267KlrDuGZ1WYlxDStUtKUhOaJmh112/TZmHxxUfuJqPXSOm7tDyas0OSIQ==",
      "requires": {
        "isexe": "2.0.0"
      }
    },
    "yallist": {
      "version": "2.1.2",
      "resolved": "https://registry.npmjs.org/yallist/-/yallist-2.1.2.tgz",
      "integrity": "sha1-HBH5IY8HYImkfdUS+TxmmaaoHVI="
    }
  }
}
